
Microsoft Visual Studio Solution File, Format Version 12.00
# Visual Studio 14
VisualStudioVersion = 14.0.25420.1
MinimumVisualStudioVersion = 10.0.40219.1
Project("{2150E333-8FDC-42A3-9474-1A3956D46DE8}") = "Creational", "Creational", "{448C284E-2CE3-4EC0-889A-BB4AF90C6501}"
EndProject
Project("{2150E333-8FDC-42A3-9474-1A3956D46DE8}") = "Structural", "Structural", "{CF1B575C-99C9-4A44-84FC-781A0FB59BD6}"
EndProject
Project("{2150E333-8FDC-42A3-9474-1A3956D46DE8}") = "Behavioral", "Behavioral", "{09F9ACBA-710C-4E9D-84FA-95113CB87B18}"
EndProject
Project("{FAE04EC0-301F-11D3-BF4B-00C04F79EFBC}") = "DP.AbstractFactory", "DP.AbstractFactory\DP.AbstractFactory.csproj", "{AC63D3D4-9D1E-4B13-89FA-28B599A0431A}"
EndProject
Project("{FAE04EC0-301F-11D3-BF4B-00C04F79EFBC}") = "DP.Builder", "DP.Builder\DP.Builder.csproj", "{B02E060A-0C87-45F4-B002-1489879E48C0}"
EndProject
Project("{FAE04EC0-301F-11D3-BF4B-00C04F79EFBC}") = "DP.FactoryMethod", "DP.FactoryMethod\DP.FactoryMethod.csproj", "{5B38C6A4-D3BC-4C5E-A90A-F243521E2204}"
EndProject
Global
	GlobalSection(SolutionConfigurationPlatforms) = preSolution
		Debug|Any CPU = Debug|Any CPU
		Release|Any CPU = Release|Any CPU
	EndGlobalSection
	GlobalSection(ProjectConfigurationPlatforms) = postSolution
		{AC63D3D4-9D1E-4B13-89FA-28B599A0431A}.Debug|Any CPU.ActiveCfg = Debug|Any CPU
		{AC63D3D4-9D1E-4B13-89FA-28B599A0431A}.Debug|Any CPU.Build.0 = Debug|Any CPU
		{AC63D3D4-9D1E-4B13-89FA-28B599A0431A}.Release|Any CPU.ActiveCfg = Release|Any CPU
		{AC63D3D4-9D1E-4B13-89FA-28B599A0431A}.Release|Any CPU.Build.0 = Release|Any CPU
		{B02E060A-0C87-45F4-B002-1489879E48C0}.Debug|Any CPU.ActiveCfg = Debug|Any CPU
		{B02E060A-0C87-45F4-B002-1489879E48C0}.Debug|Any CPU.Build.0 = Debug|Any CPU
		{B02E060A-0C87-45F4-B002-1489879E48C0}.Release|Any CPU.ActiveCfg = Release|Any CPU
		{B02E060A-0C87-45F4-B002-1489879E48C0}.Release|Any CPU.Build.0 = Release|Any CPU
		{5B38C6A4-D3BC-4C5E-A90A-F243521E2204}.Debug|Any CPU.ActiveCfg = Debug|Any CPU
		{5B38C6A4-D3BC-4C5E-A90A-F243521E2204}.Debug|Any CPU.Build.0 = Debug|Any CPU
		{5B38C6A4-D3BC-4C5E-A90A-F243521E2204}.Release|Any CPU.ActiveCfg = Release|Any CPU
		{5B38C6A4-D3BC-4C5E-A90A-F243521E2204}.Release|Any CPU.Build.0 = Release|Any CPU
	EndGlobalSection
	GlobalSection(SolutionProperties) = preSolution
		HideSolutionNode = FALSE
	EndGlobalSection
	GlobalSection(NestedProjects) = preSolution
		{AC63D3D4-9D1E-4B13-89FA-28B599A0431A} = {448C284E-2CE3-4EC0-889A-BB4AF90C6501}
		{B02E060A-0C87-45F4-B002-1489879E48C0} = {448C284E-2CE3-4EC0-889A-BB4AF90C6501}
		{5B38C6A4-D3BC-4C5E-A90A-F243521E2204} = {448C284E-2CE3-4EC0-889A-BB4AF90C6501}
	EndGlobalSection
EndGlobal
