
Microsoft Visual Studio Solution File, Format Version 12.00
# Visual Studio 14
VisualStudioVersion = 14.0.25123.0
MinimumVisualStudioVersion = 10.0.40219.1
Project("{FAE04EC0-301F-11D3-BF4B-00C04F79EFBC}") = "DP.AbstractFactory", "Creational\DP.AbstractFactory\DP.AbstractFactory.csproj", "{AC63D3D4-9D1E-4B13-89FA-28B599A0431A}"
EndProject
Project("{FAE04EC0-301F-11D3-BF4B-00C04F79EFBC}") = "DP.Builder", "Creational\DP.Builder\DP.Builder.csproj", "{B02E060A-0C87-45F4-B002-1489879E48C0}"
EndProject
Project("{FAE04EC0-301F-11D3-BF4B-00C04F79EFBC}") = "DP.FactoryMethod", "Creational\DP.FactoryMethod\DP.FactoryMethod.csproj", "{5B38C6A4-D3BC-4C5E-A90A-F243521E2204}"
EndProject
Project("{FAE04EC0-301F-11D3-BF4B-00C04F79EFBC}") = "DP.Prototype", "Creational\DP.Prototype\DP.Prototype.csproj", "{CB5487DC-483F-4181-BD50-F39B2FE88A67}"
EndProject
Project("{2150E333-8FDC-42A3-9474-1A3956D46DE8}") = "Creational", "Creational", "{16C84B85-3AE0-4C9D-823F-41EA2B5BBE02}"
EndProject
Project("{2150E333-8FDC-42A3-9474-1A3956D46DE8}") = "Structural", "Structural", "{59FCDCD7-5307-43A6-AAF1-BA354025E257}"
EndProject
Project("{2150E333-8FDC-42A3-9474-1A3956D46DE8}") = "Behavioral", "Behavioral", "{CF8A0197-6B68-41B6-9CC8-127D3937BC6B}"
EndProject
Project("{FAE04EC0-301F-11D3-BF4B-00C04F79EFBC}") = "DP.Singleton", "Creational\DP.Singleton\DP.Singleton.csproj", "{F0EDC8D4-8F50-4E5C-A10A-752B9714AB36}"
EndProject
Project("{FAE04EC0-301F-11D3-BF4B-00C04F79EFBC}") = "DP.Adapter", "Structural\DP.Adapter\DP.Adapter.csproj", "{3EEE72EF-325B-4904-BB4C-E2B04B7E4837}"
EndProject
Project("{FAE04EC0-301F-11D3-BF4B-00C04F79EFBC}") = "DP.Bridge", "Structural\DP.Bridge\DP.Bridge.csproj", "{4B9001AB-FAB5-430A-BD3B-7992AA5ADB68}"
EndProject
Project("{FAE04EC0-301F-11D3-BF4B-00C04F79EFBC}") = "DP.Composite", "Structural\DP.Composite\DP.Composite.csproj", "{6F210902-7A76-4546-AA4C-C11DA7F0D3A6}"
EndProject
Project("{FAE04EC0-301F-11D3-BF4B-00C04F79EFBC}") = "DP.Decorator", "Structural\DP.Decorator\DP.Decorator.csproj", "{D1654378-6ADB-43B6-9D4B-708427EB8326}"
EndProject
Global
	GlobalSection(SolutionConfigurationPlatforms) = preSolution
		Debug|Any CPU = Debug|Any CPU
		Release|Any CPU = Release|Any CPU
	EndGlobalSection
	GlobalSection(ProjectConfigurationPlatforms) = postSolution
		{AC63D3D4-9D1E-4B13-89FA-28B599A0431A}.Debug|Any CPU.ActiveCfg = Debug|Any CPU
		{AC63D3D4-9D1E-4B13-89FA-28B599A0431A}.Debug|Any CPU.Build.0 = Debug|Any CPU
		{AC63D3D4-9D1E-4B13-89FA-28B599A0431A}.Release|Any CPU.ActiveCfg = Release|Any CPU
		{AC63D3D4-9D1E-4B13-89FA-28B599A0431A}.Release|Any CPU.Build.0 = Release|Any CPU
		{B02E060A-0C87-45F4-B002-1489879E48C0}.Debug|Any CPU.ActiveCfg = Debug|Any CPU
		{B02E060A-0C87-45F4-B002-1489879E48C0}.Debug|Any CPU.Build.0 = Debug|Any CPU
		{B02E060A-0C87-45F4-B002-1489879E48C0}.Release|Any CPU.ActiveCfg = Release|Any CPU
		{B02E060A-0C87-45F4-B002-1489879E48C0}.Release|Any CPU.Build.0 = Release|Any CPU
		{5B38C6A4-D3BC-4C5E-A90A-F243521E2204}.Debug|Any CPU.ActiveCfg = Debug|Any CPU
		{5B38C6A4-D3BC-4C5E-A90A-F243521E2204}.Debug|Any CPU.Build.0 = Debug|Any CPU
		{5B38C6A4-D3BC-4C5E-A90A-F243521E2204}.Release|Any CPU.ActiveCfg = Release|Any CPU
		{5B38C6A4-D3BC-4C5E-A90A-F243521E2204}.Release|Any CPU.Build.0 = Release|Any CPU
		{CB5487DC-483F-4181-BD50-F39B2FE88A67}.Debug|Any CPU.ActiveCfg = Debug|Any CPU
		{CB5487DC-483F-4181-BD50-F39B2FE88A67}.Debug|Any CPU.Build.0 = Debug|Any CPU
		{CB5487DC-483F-4181-BD50-F39B2FE88A67}.Release|Any CPU.ActiveCfg = Release|Any CPU
		{CB5487DC-483F-4181-BD50-F39B2FE88A67}.Release|Any CPU.Build.0 = Release|Any CPU
		{F0EDC8D4-8F50-4E5C-A10A-752B9714AB36}.Debug|Any CPU.ActiveCfg = Debug|Any CPU
		{F0EDC8D4-8F50-4E5C-A10A-752B9714AB36}.Debug|Any CPU.Build.0 = Debug|Any CPU
		{F0EDC8D4-8F50-4E5C-A10A-752B9714AB36}.Release|Any CPU.ActiveCfg = Release|Any CPU
		{F0EDC8D4-8F50-4E5C-A10A-752B9714AB36}.Release|Any CPU.Build.0 = Release|Any CPU
		{3EEE72EF-325B-4904-BB4C-E2B04B7E4837}.Debug|Any CPU.ActiveCfg = Debug|Any CPU
		{3EEE72EF-325B-4904-BB4C-E2B04B7E4837}.Debug|Any CPU.Build.0 = Debug|Any CPU
		{3EEE72EF-325B-4904-BB4C-E2B04B7E4837}.Release|Any CPU.ActiveCfg = Release|Any CPU
		{3EEE72EF-325B-4904-BB4C-E2B04B7E4837}.Release|Any CPU.Build.0 = Release|Any CPU
		{4B9001AB-FAB5-430A-BD3B-7992AA5ADB68}.Debug|Any CPU.ActiveCfg = Debug|Any CPU
		{4B9001AB-FAB5-430A-BD3B-7992AA5ADB68}.Debug|Any CPU.Build.0 = Debug|Any CPU
		{4B9001AB-FAB5-430A-BD3B-7992AA5ADB68}.Release|Any CPU.ActiveCfg = Release|Any CPU
		{4B9001AB-FAB5-430A-BD3B-7992AA5ADB68}.Release|Any CPU.Build.0 = Release|Any CPU
		{6F210902-7A76-4546-AA4C-C11DA7F0D3A6}.Debug|Any CPU.ActiveCfg = Debug|Any CPU
		{6F210902-7A76-4546-AA4C-C11DA7F0D3A6}.Debug|Any CPU.Build.0 = Debug|Any CPU
		{6F210902-7A76-4546-AA4C-C11DA7F0D3A6}.Release|Any CPU.ActiveCfg = Release|Any CPU
		{6F210902-7A76-4546-AA4C-C11DA7F0D3A6}.Release|Any CPU.Build.0 = Release|Any CPU
		{D1654378-6ADB-43B6-9D4B-708427EB8326}.Debug|Any CPU.ActiveCfg = Debug|Any CPU
		{D1654378-6ADB-43B6-9D4B-708427EB8326}.Debug|Any CPU.Build.0 = Debug|Any CPU
		{D1654378-6ADB-43B6-9D4B-708427EB8326}.Release|Any CPU.ActiveCfg = Release|Any CPU
		{D1654378-6ADB-43B6-9D4B-708427EB8326}.Release|Any CPU.Build.0 = Release|Any CPU
	EndGlobalSection
	GlobalSection(SolutionProperties) = preSolution
		HideSolutionNode = FALSE
	EndGlobalSection
	GlobalSection(NestedProjects) = preSolution
		{AC63D3D4-9D1E-4B13-89FA-28B599A0431A} = {16C84B85-3AE0-4C9D-823F-41EA2B5BBE02}
		{B02E060A-0C87-45F4-B002-1489879E48C0} = {16C84B85-3AE0-4C9D-823F-41EA2B5BBE02}
		{5B38C6A4-D3BC-4C5E-A90A-F243521E2204} = {16C84B85-3AE0-4C9D-823F-41EA2B5BBE02}
		{CB5487DC-483F-4181-BD50-F39B2FE88A67} = {16C84B85-3AE0-4C9D-823F-41EA2B5BBE02}
		{F0EDC8D4-8F50-4E5C-A10A-752B9714AB36} = {16C84B85-3AE0-4C9D-823F-41EA2B5BBE02}
		{3EEE72EF-325B-4904-BB4C-E2B04B7E4837} = {59FCDCD7-5307-43A6-AAF1-BA354025E257}
		{4B9001AB-FAB5-430A-BD3B-7992AA5ADB68} = {59FCDCD7-5307-43A6-AAF1-BA354025E257}
		{6F210902-7A76-4546-AA4C-C11DA7F0D3A6} = {59FCDCD7-5307-43A6-AAF1-BA354025E257}
		{D1654378-6ADB-43B6-9D4B-708427EB8326} = {59FCDCD7-5307-43A6-AAF1-BA354025E257}
	EndGlobalSection
EndGlobal
